
Microsoft Visual Studio Solution File, Format Version 12.00
# Visual Studio Version 17
VisualStudioVersion = 17.14.36915.13 d17.14
MinimumVisualStudioVersion = 10.0.40219.1
Project("{FAE04EC0-301F-11D3-BF4B-00C04F79EFBC}") = "Day_34_C#_JWT", "Day_34_C#_JWT.csproj", "{62A1B777-93E1-4F23-9467-E2156A6C3B27}"
EndProject
Global
	GlobalSection(SolutionConfigurationPlatforms) = preSolution
		Debug|Any CPU = Debug|Any CPU
		Release|Any CPU = Release|Any CPU
	EndGlobalSection
	GlobalSection(ProjectConfigurationPlatforms) = postSolution
		{62A1B777-93E1-4F23-9467-E2156A6C3B27}.Debug|Any CPU.ActiveCfg = Debug|Any CPU
		{62A1B777-93E1-4F23-9467-E2156A6C3B27}.Debug|Any CPU.Build.0 = Debug|Any CPU
		{62A1B777-93E1-4F23-9467-E2156A6C3B27}.Release|Any CPU.ActiveCfg = Release|Any CPU
		{62A1B777-93E1-4F23-9467-E2156A6C3B27}.Release|Any CPU.Build.0 = Release|Any CPU
	EndGlobalSection
	GlobalSection(SolutionProperties) = preSolution
		HideSolutionNode = FALSE
	EndGlobalSection
	GlobalSection(ExtensibilityGlobals) = postSolution
		SolutionGuid = {62C83631-88DC-4BAC-8F16-523AD385110B}
	EndGlobalSection
EndGlobal
